// !$*UTF8*$!
{
	archiveVersion = 1;
	classes = {
	};
	objectVersion = 46;
	objects = {

/* Begin PBXBuildFile section */
		8500CEC01CB955840093B881 /* SeychellesVC.swift in Sources */ = {isa = PBXBuildFile; fileRef = 8500CEBF1CB955840093B881 /* SeychellesVC.swift */; };
		8500CEC21CB9BE3C0093B881 /* PhotosVC.swift in Sources */ = {isa = PBXBuildFile; fileRef = 8500CEC11CB9BE3C0093B881 /* PhotosVC.swift */; };
		8500CEE21CBAB9F90093B881 /* MiniButton1.swift in Sources */ = {isa = PBXBuildFile; fileRef = 8500CEE11CBAB9F90093B881 /* MiniButton1.swift */; };
		8500CEE41CBABCB30093B881 /* WhiteButton.swift in Sources */ = {isa = PBXBuildFile; fileRef = 8500CEE31CBABCB30093B881 /* WhiteButton.swift */; };
		8500CEE61CBABE440093B881 /* MiniButton2.swift in Sources */ = {isa = PBXBuildFile; fileRef = 8500CEE51CBABE440093B881 /* MiniButton2.swift */; };
		855FA3051CB84833002A65CB /* AboutMenuVC.swift in Sources */ = {isa = PBXBuildFile; fileRef = 855FA3041CB84833002A65CB /* AboutMenuVC.swift */; };
		855FA3071CB8639B002A65CB /* Kerning.swift in Sources */ = {isa = PBXBuildFile; fileRef = 855FA3061CB8639B002A65CB /* Kerning.swift */; };
		855FA3091CB866D8002A65CB /* CustomLbl.swift in Sources */ = {isa = PBXBuildFile; fileRef = 855FA3081CB866D8002A65CB /* CustomLbl.swift */; };
		85B829431CB7F576004FD588 /* AppDelegate.swift in Sources */ = {isa = PBXBuildFile; fileRef = 85B829421CB7F576004FD588 /* AppDelegate.swift */; };
		85B829451CB7F576004FD588 /* ViewController.swift in Sources */ = {isa = PBXBuildFile; fileRef = 85B829441CB7F576004FD588 /* ViewController.swift */; };
		85B829481CB7F576004FD588 /* Main.storyboard in Resources */ = {isa = PBXBuildFile; fileRef = 85B829461CB7F576004FD588 /* Main.storyboard */; };
		85B8294A1CB7F576004FD588 /* Assets.xcassets in Resources */ = {isa = PBXBuildFile; fileRef = 85B829491CB7F576004FD588 /* Assets.xcassets */; };
		85B8294D1CB7F576004FD588 /* LaunchScreen.storyboard in Resources */ = {isa = PBXBuildFile; fileRef = 85B8294B1CB7F576004FD588 /* LaunchScreen.storyboard */; };
		85B829571CB822B1004FD588 /* MainButton.swift in Sources */ = {isa = PBXBuildFile; fileRef = 85B829561CB822B1004FD588 /* MainButton.swift */; };
		85B8B2421CBADEE000ACBAC7 /* MiniButton4.swift in Sources */ = {isa = PBXBuildFile; fileRef = 85B8B2411CBADEE000ACBAC7 /* MiniButton4.swift */; };
		85CA98311CBAC6E2007F2670 /* MiniButton3.swift in Sources */ = {isa = PBXBuildFile; fileRef = 85CA98301CBAC6E2007F2670 /* MiniButton3.swift */; };
/* End PBXBuildFile section */

/* Begin PBXFileReference section */
		8500CEBF1CB955840093B881 /* SeychellesVC.swift */ = {isa = PBXFileReference; fileEncoding = 4; lastKnownFileType = sourcecode.swift; path = SeychellesVC.swift; sourceTree = "<group>"; };
		8500CEC11CB9BE3C0093B881 /* PhotosVC.swift */ = {isa = PBXFileReference; fileEncoding = 4; lastKnownFileType = sourcecode.swift; path = PhotosVC.swift; sourceTree = "<group>"; };
		8500CEE11CBAB9F90093B881 /* MiniButton1.swift */ = {isa = PBXFileReference; fileEncoding = 4; lastKnownFileType = sourcecode.swift; path = MiniButton1.swift; sourceTree = "<group>"; };
		8500CEE31CBABCB30093B881 /* WhiteButton.swift */ = {isa = PBXFileReference; fileEncoding = 4; lastKnownFileType = sourcecode.swift; path = WhiteButton.swift; sourceTree = "<group>"; };
		8500CEE51CBABE440093B881 /* MiniButton2.swift */ = {isa = PBXFileReference; fileEncoding = 4; lastKnownFileType = sourcecode.swift; path = MiniButton2.swift; sourceTree = "<group>"; };
		855FA3041CB84833002A65CB /* AboutMenuVC.swift */ = {isa = PBXFileReference; fileEncoding = 4; lastKnownFileType = sourcecode.swift; path = AboutMenuVC.swift; sourceTree = "<group>"; };
		855FA3061CB8639B002A65CB /* Kerning.swift */ = {isa = PBXFileReference; fileEncoding = 4; lastKnownFileType = sourcecode.swift; path = Kerning.swift; sourceTree = "<group>"; };
		855FA3081CB866D8002A65CB /* CustomLbl.swift */ = {isa = PBXFileReference; fileEncoding = 4; lastKnownFileType = sourcecode.swift; path = CustomLbl.swift; sourceTree = "<group>"; };
		85B8293F1CB7F576004FD588 /* My Own Favorite Place.app */ = {isa = PBXFileReference; explicitFileType = wrapper.application; includeInIndex = 0; path = "My Own Favorite Place.app"; sourceTree = BUILT_PRODUCTS_DIR; };
		85B829421CB7F576004FD588 /* AppDelegate.swift */ = {isa = PBXFileReference; lastKnownFileType = sourcecode.swift; path = AppDelegate.swift; sourceTree = "<group>"; };
		85B829441CB7F576004FD588 /* ViewController.swift */ = {isa = PBXFileReference; lastKnownFileType = sourcecode.swift; path = ViewController.swift; sourceTree = "<group>"; };
		85B829471CB7F576004FD588 /* Base */ = {isa = PBXFileReference; lastKnownFileType = file.storyboard; name = Base; path = Base.lproj/Main.storyboard; sourceTree = "<group>"; };
		85B829491CB7F576004FD588 /* Assets.xcassets */ = {isa = PBXFileReference; lastKnownFileType = folder.assetcatalog; path = Assets.xcassets; sourceTree = "<group>"; };
		85B8294C1CB7F576004FD588 /* Base */ = {isa = PBXFileReference; lastKnownFileType = file.storyboard; name = Base; path = Base.lproj/LaunchScreen.storyboard; sourceTree = "<group>"; };
		85B8294E1CB7F576004FD588 /* Info.plist */ = {isa = PBXFileReference; lastKnownFileType = text.plist.xml; path = Info.plist; sourceTree = "<group>"; };
		85B829561CB822B1004FD588 /* MainButton.swift */ = {isa = PBXFileReference; fileEncoding = 4; lastKnownFileType = sourcecode.swift; path = MainButton.swift; sourceTree = "<group>"; };
		85B8B2411CBADEE000ACBAC7 /* MiniButton4.swift */ = {isa = PBXFileReference; fileEncoding = 4; lastKnownFileType = sourcecode.swift; path = MiniButton4.swift; sourceTree = "<group>"; };
		85CA98301CBAC6E2007F2670 /* MiniButton3.swift */ = {isa = PBXFileReference; fileEncoding = 4; lastKnownFileType = sourcecode.swift; path = MiniButton3.swift; sourceTree = "<group>"; };
/* End PBXFileReference section */

/* Begin PBXFrameworksBuildPhase section */
		85B8293C1CB7F576004FD588 /* Frameworks */ = {
			isa = PBXFrameworksBuildPhase;
			buildActionMask = 2147483647;
			files = (
			);
			runOnlyForDeploymentPostprocessing = 0;
		};
/* End PBXFrameworksBuildPhase section */

/* Begin PBXGroup section */
		85B829361CB7F576004FD588 = {
			isa = PBXGroup;
			children = (
				85B829411CB7F576004FD588 /* My Own Favorite Place */,
				85B829401CB7F576004FD588 /* Products */,
			);
			sourceTree = "<group>";
		};
		85B829401CB7F576004FD588 /* Products */ = {
			isa = PBXGroup;
			children = (
				85B8293F1CB7F576004FD588 /* My Own Favorite Place.app */,
			);
			name = Products;
			sourceTree = "<group>";
		};
		85B829411CB7F576004FD588 /* My Own Favorite Place */ = {
			isa = PBXGroup;
			children = (
				85B829421CB7F576004FD588 /* AppDelegate.swift */,
				85B829441CB7F576004FD588 /* ViewController.swift */,
				855FA3041CB84833002A65CB /* AboutMenuVC.swift */,
				8500CEC11CB9BE3C0093B881 /* PhotosVC.swift */,
				8500CEBF1CB955840093B881 /* SeychellesVC.swift */,
				85B829461CB7F576004FD588 /* Main.storyboard */,
				85B829491CB7F576004FD588 /* Assets.xcassets */,
				85B8294B1CB7F576004FD588 /* LaunchScreen.storyboard */,
				85B8294E1CB7F576004FD588 /* Info.plist */,
				85B829561CB822B1004FD588 /* MainButton.swift */,
				8500CEE31CBABCB30093B881 /* WhiteButton.swift */,
				8500CEE11CBAB9F90093B881 /* MiniButton1.swift */,
				8500CEE51CBABE440093B881 /* MiniButton2.swift */,
				85CA98301CBAC6E2007F2670 /* MiniButton3.swift */,
				85B8B2411CBADEE000ACBAC7 /* MiniButton4.swift */,
				855FA3061CB8639B002A65CB /* Kerning.swift */,
				855FA3081CB866D8002A65CB /* CustomLbl.swift */,
			);
			path = "My Own Favorite Place";
			sourceTree = "<group>";
		};
/* End PBXGroup section */

/* Begin PBXNativeTarget section */
		85B8293E1CB7F576004FD588 /* My Own Favorite Place */ = {
			isa = PBXNativeTarget;
			buildConfigurationList = 85B829511CB7F576004FD588 /* Build configuration list for PBXNativeTarget "My Own Favorite Place" */;
			buildPhases = (
				85B8293B1CB7F576004FD588 /* Sources */,
				85B8293C1CB7F576004FD588 /* Frameworks */,
				85B8293D1CB7F576004FD588 /* Resources */,
			);
			buildRules = (
			);
			dependencies = (
			);
			name = "My Own Favorite Place";
			productName = "My Own Favorite Place";
			productReference = 85B8293F1CB7F576004FD588 /* My Own Favorite Place.app */;
			productType = "com.apple.product-type.application";
		};
/* End PBXNativeTarget section */

/* Begin PBXProject section */
		85B829371CB7F576004FD588 /* Project object */ = {
			isa = PBXProject;
			attributes = {
				LastSwiftUpdateCheck = 0730;
				LastUpgradeCheck = 0730;
				ORGANIZATIONNAME = "Jerry Nkumu";
				TargetAttributes = {
					85B8293E1CB7F576004FD588 = {
						CreatedOnToolsVersion = 7.3;
						DevelopmentTeam = S628TLL2Q2;
					};
				};
			};
			buildConfigurationList = 85B8293A1CB7F576004FD588 /* Build configuration list for PBXProject "My Own Favorite Place" */;
			compatibilityVersion = "Xcode 3.2";
			developmentRegion = English;
			hasScannedForEncodings = 0;
			knownRegions = (
				en,
				Base,
			);
			mainGroup = 85B829361CB7F576004FD588;
			productRefGroup = 85B829401CB7F576004FD588 /* Products */;
			projectDirPath = "";
			projectRoot = "";
			targets = (
				85B8293E1CB7F576004FD588 /* My Own Favorite Place */,
			);
		};
/* End PBXProject section */

/* Begin PBXResourcesBuildPhase section */
		85B8293D1CB7F576004FD588 /* Resources */ = {
			isa = PBXResourcesBuildPhase;
			buildActionMask = 2147483647;
			files = (
				85B8294D1CB7F576004FD588 /* LaunchScreen.storyboard in Resources */,
				85B8294A1CB7F576004FD588 /* Assets.xcassets in Resources */,
				85B829481CB7F576004FD588 /* Main.storyboard in Resources */,
			);
			runOnlyForDeploymentPostprocessing = 0;
		};
/* End PBXResourcesBuildPhase section */

/* Begin PBXSourcesBuildPhase section */
		85B8293B1CB7F576004FD588 /* Sources */ = {
			isa = PBXSourcesBuildPhase;
			buildActionMask = 2147483647;
			files = (
				85B829451CB7F576004FD588 /* ViewController.swift in Sources */,
				855FA3071CB8639B002A65CB /* Kerning.swift in Sources */,
				8500CEE21CBAB9F90093B881 /* MiniButton1.swift in Sources */,
				855FA3051CB84833002A65CB /* AboutMenuVC.swift in Sources */,
				85B829431CB7F576004FD588 /* AppDelegate.swift in Sources */,
				8500CEE61CBABE440093B881 /* MiniButton2.swift in Sources */,
				85B829571CB822B1004FD588 /* MainButton.swift in Sources */,
				855FA3091CB866D8002A65CB /* CustomLbl.swift in Sources */,
				85CA98311CBAC6E2007F2670 /* MiniButton3.swift in Sources */,
				8500CEC01CB955840093B881 /* SeychellesVC.swift in Sources */,
				85B8B2421CBADEE000ACBAC7 /* MiniButton4.swift in Sources */,
				8500CEC21CB9BE3C0093B881 /* PhotosVC.swift in Sources */,
				8500CEE41CBABCB30093B881 /* WhiteButton.swift in Sources */,
			);
			runOnlyForDeploymentPostprocessing = 0;
		};
/* End PBXSourcesBuildPhase section */

/* Begin PBXVariantGroup section */
		85B829461CB7F576004FD588 /* Main.storyboard */ = {
			isa = PBXVariantGroup;
			children = (
				85B829471CB7F576004FD588 /* Base */,
			);
			name = Main.storyboard;
			sourceTree = "<group>";
		};
		85B8294B1CB7F576004FD588 /* LaunchScreen.storyboard */ = {
			isa = PBXVariantGroup;
			children = (
				85B8294C1CB7F576004FD588 /* Base */,
			);
			name = LaunchScreen.storyboard;
			sourceTree = "<group>";
		};
/* End PBXVariantGroup section */

/* Begin XCBuildConfiguration section */
		85B8294F1CB7F576004FD588 /* Debug */ = {
			isa = XCBuildConfiguration;
			buildSettings = {
				ALWAYS_SEARCH_USER_PATHS = NO;
				CLANG_ANALYZER_NONNULL = YES;
				CLANG_CXX_LANGUAGE_STANDARD = "gnu++0x";
				CLANG_CXX_LIBRARY = "libc++";
				CLANG_ENABLE_MODULES = YES;
				CLANG_ENABLE_OBJC_ARC = YES;
				CLANG_WARN_BOOL_CONVERSION = YES;
				CLANG_WARN_CONSTANT_CONVERSION = YES;
				CLANG_WARN_DIRECT_OBJC_ISA_USAGE = YES_ERROR;
				CLANG_WARN_EMPTY_BODY = YES;
				CLANG_WARN_ENUM_CONVERSION = YES;
				CLANG_WARN_INT_CONVERSION = YES;
				CLANG_WARN_OBJC_ROOT_CLASS = YES_ERROR;
				CLANG_WARN_UNREACHABLE_CODE = YES;
				CLANG_WARN__DUPLICATE_METHOD_MATCH = YES;
				"CODE_SIGN_IDENTITY[sdk=iphoneos*]" = "iPhone Developer";
				COPY_PHASE_STRIP = NO;
				DEBUG_INFORMATION_FORMAT = dwarf;
				ENABLE_STRICT_OBJC_MSGSEND = YES;
				ENABLE_TESTABILITY = YES;
				GCC_C_LANGUAGE_STANDARD = gnu99;
				GCC_DYNAMIC_NO_PIC = NO;
				GCC_NO_COMMON_BLOCKS = YES;
				GCC_OPTIMIZATION_LEVEL = 0;
				GCC_PREPROCESSOR_DEFINITIONS = (
					"DEBUG=1",
					"$(inherited)",
				);
				GCC_WARN_64_TO_32_BIT_CONVERSION = YES;
				GCC_WARN_ABOUT_RETURN_TYPE = YES_ERROR;
				GCC_WARN_UNDECLARED_SELECTOR = YES;
				GCC_WARN_UNINITIALIZED_AUTOS = YES_AGGRESSIVE;
				GCC_WARN_UNUSED_FUNCTION = YES;
				GCC_WARN_UNUSED_VARIABLE = YES;
				IPHONEOS_DEPLOYMENT_TARGET = 9.3;
				MTL_ENABLE_DEBUG_INFO = YES;
				ONLY_ACTIVE_ARCH = YES;
				SDKROOT = iphoneos;
				SWIFT_OPTIMIZATION_LEVEL = "-Onone";
				TARGETED_DEVICE_FAMILY = "1,2";
			};
			name = Debug;
		};
		85B829501CB7F576004FD588 /* Release */ = {
			isa = XCBuildConfiguration;
			buildSettings = {
				ALWAYS_SEARCH_USER_PATHS = NO;
				CLANG_ANALYZER_NONNULL = YES;
				CLANG_CXX_LANGUAGE_STANDARD = "gnu++0x";
				CLANG_CXX_LIBRARY = "libc++";
				CLANG_ENABLE_MODULES = YES;
				CLANG_ENABLE_OBJC_ARC = YES;
				CLANG_WARN_BOOL_CONVERSION = YES;
				CLANG_WARN_CONSTANT_CONVERSION = YES;
				CLANG_WARN_DIRECT_OBJC_ISA_USAGE = YES_ERROR;
				CLANG_WARN_EMPTY_BODY = YES;
				CLANG_WARN_ENUM_CONVERSION = YES;
				CLANG_WARN_INT_CONVERSION = YES;
				CLANG_WARN_OBJC_ROOT_CLASS = YES_ERROR;
				CLANG_WARN_UNREACHABLE_CODE = YES;
				CLANG_WARN__DUPLICATE_METHOD_MATCH = YES;
				"CODE_SIGN_IDENTITY[sdk=iphoneos*]" = "iPhone Developer";
				COPY_PHASE_STRIP = NO;
				DEBUG_INFORMATION_FORMAT = "dwarf-with-dsym";
				ENABLE_NS_ASSERTIONS = NO;
				ENABLE_STRICT_OBJC_MSGSEND = YES;
				GCC_C_LANGUAGE_STANDARD = gnu99;
				GCC_NO_COMMON_BLOCKS = YES;
				GCC_WARN_64_TO_32_BIT_CONVERSION = YES;
				GCC_WARN_ABOUT_RETURN_TYPE = YES_ERROR;
				GCC_WARN_UNDECLARED_SELECTOR = YES;
				GCC_WARN_UNINITIALIZED_AUTOS = YES_AGGRESSIVE;
				GCC_WARN_UNUSED_FUNCTION = YES;
				GCC_WARN_UNUSED_VARIABLE = YES;
				IPHONEOS_DEPLOYMENT_TARGET = 9.3;
				MTL_ENABLE_DEBUG_INFO = NO;
				SDKROOT = iphoneos;
				TARGETED_DEVICE_FAMILY = "1,2";
				VALIDATE_PRODUCT = YES;
			};
			name = Release;
		};
		85B829521CB7F576004FD588 /* Debug */ = {
			isa = XCBuildConfiguration;
			buildSettings = {
				ASSETCATALOG_COMPILER_APPICON_NAME = AppIcon;
				INFOPLIST_FILE = "My Own Favorite Place/Info.plist";
				LD_RUNPATH_SEARCH_PATHS = "$(inherited) @executable_path/Frameworks";
				PRODUCT_BUNDLE_IDENTIFIER = "com.jerrynkumu.My-Own-Favorite-Place";
				PRODUCT_NAME = "$(TARGET_NAME)";
			};
			name = Debug;
		};
		85B829531CB7F576004FD588 /* Release */ = {
			isa = XCBuildConfiguration;
			buildSettings = {
				ASSETCATALOG_COMPILER_APPICON_NAME = AppIcon;
				INFOPLIST_FILE = "My Own Favorite Place/Info.plist";
				LD_RUNPATH_SEARCH_PATHS = "$(inherited) @executable_path/Frameworks";
				PRODUCT_BUNDLE_IDENTIFIER = "com.jerrynkumu.My-Own-Favorite-Place";
				PRODUCT_NAME = "$(TARGET_NAME)";
			};
			name = Release;
		};
/* End XCBuildConfiguration section */

/* Begin XCConfigurationList section */
		85B8293A1CB7F576004FD588 /* Build configuration list for PBXProject "My Own Favorite Place" */ = {
			isa = XCConfigurationList;
			buildConfigurations = (
				85B8294F1CB7F576004FD588 /* Debug */,
				85B829501CB7F576004FD588 /* Release */,
			);
			defaultConfigurationIsVisible = 0;
			defaultConfigurationName = Release;
		};
		85B829511CB7F576004FD588 /* Build configuration list for PBXNativeTarget "My Own Favorite Place" */ = {
			isa = XCConfigurationList;
			buildConfigurations = (
				85B829521CB7F576004FD588 /* Debug */,
				85B829531CB7F576004FD588 /* Release */,
			);
			defaultConfigurationIsVisible = 0;
			defaultConfigurationName = Release;
		};
/* End XCConfigurationList section */
	};
	rootObject = 85B829371CB7F576004FD588 /* Project object */;
}
